github.com/klauspost/shutdown2 v1.1.0 h1:Ko7jOzYA2U1yjCOIKVKOhJMwEVHPgFmfG41pE8ozbUs=
github.com/klauspost/shutdown2 v1.1.0/go.mod h1:mBV6CN9vNPEhvb8sPeC+qZnt2HxY2ziPnlSGgZkYNTQ=
golang.org/x/net v0.38.0 h1:vRMAPTMaeGqVhG5QyLJHqNDwecKTomGeqbnfZyKlBI8=
golang.org/x/net v0.38.0/go.mod h1:ivrbrMbzFq5J41QOQh0siUuly180yBYtLp+CKbEaFx8=
